# THIS IS AN AUTOGENERATED FILE. DO NOT EDIT THIS FILE DIRECTLY.
# yarn lockfile v1


assertion-error@1.0.0:
  version "1.0.0"
  resolved "https://registry.yarnpkg.com/assertion-error/-/assertion-error-1.0.0.tgz#c7f85438fdd466bc7ca16ab90c81513797a5d23b"
  integrity sha1-x/hUOP3UZrx8oWq5DIFRN5el0js=

bubblewrap@^0.2.0:
  version "0.2.0"
  resolved "https://registry.yarnpkg.com/bubblewrap/-/bubblewrap-0.2.0.tgz#e2cb6e57762942bc624d039c196199ef23bb02a2"
  integrity sha1-4stuV3YpQrxiTQOcGWGZ7yO7AqI=
  dependencies:
    chai "^1.10.0"
    harmony-reflect "^1.1.1"
    object-assign "^2.0.0"
    wassat "^2.2.3"

chai@^1.10.0:
  version "1.10.0"
  resolved "https://registry.yarnpkg.com/chai/-/chai-1.10.0.tgz#e4031cc87654461a75943e5a35ab46eaf39c1eb9"
  integrity sha1-5AMcyHZURhp1lD5aNatG6vOcHrk=
  dependencies:
    assertion-error "1.0.0"
    deep-eql "0.1.3"

deep-eql@0.1.3:
  version "0.1.3"
  resolved "https://registry.yarnpkg.com/deep-eql/-/deep-eql-0.1.3.tgz#ef558acab8de25206cd713906d74e56930eb69f2"
  integrity sha1-71WKyrjeJSBs1xOQbXTlaTDrafI=
  dependencies:
    type-detect "0.1.1"

harmony-reflect@^1.1.1:
  version "1.6.2"
  resolved "https://registry.yarnpkg.com/harmony-reflect/-/harmony-reflect-1.6.2.tgz#31ecbd32e648a34d030d86adb67d4d47547fe710"
  integrity sha512-HIp/n38R9kQjDEziXyDTuW3vvoxxyxjxFzXLrBr18uB47GnSt+G9D29fqrpM5ZkspMcPICud3XsBJQ4Y2URg8g==

object-assign@^2.0.0:
  version "2.1.1"
  resolved "https://registry.yarnpkg.com/object-assign/-/object-assign-2.1.1.tgz#43c36e5d569ff8e4816c4efa8be02d26967c18aa"
  integrity sha1-Q8NuXVaf+OSBbE76i+AtJpZ8GKo=

type-detect@0.1.1:
  version "0.1.1"
  resolved "https://registry.yarnpkg.com/type-detect/-/type-detect-0.1.1.tgz#0ba5ec2a885640e470ea4e8505971900dac58822"
  integrity sha1-C6XsKohWQORw6k6FBZcZANrFiCI=

wassat@^2.2.3:
  version "2.3.0"
  resolved "https://registry.yarnpkg.com/wassat/-/wassat-2.3.0.tgz#25775df6cad8e6c414c2115e09f0b8852cdd3795"
  integrity sha1-JXdd9srY5sQUwhFeCfC4hSzdN5U=
